{
  "nodes": {
    "bundix": {
      "flake": false,
      "locked": {
        "lastModified": 1656012119,
        "narHash": "sha256-0CMDJR3xfewNuDthm3fEh6UPeRH9PURYxJ0PI1WPv4U=",
        "owner": "nix-community",
        "repo": "bundix",
        "rev": "3d7820efdd77281234182a9b813c2895ef49ae1f",
        "type": "github"
      },
      "original": {
        "owner": "nix-community",
        "repo": "bundix",
        "type": "github"
      }
    },
    "flake-utils": {
      "locked": {
        "lastModified": 1676283394,
        "narHash": "sha256-XX2f9c3iySLCw54rJ/CZs+ZK6IQy7GXNY4nSOyu2QG4=",
        "owner": "numtide",
        "repo": "flake-utils",
        "rev": "3db36a8b464d0c4532ba1c7dda728f4576d6d073",
        "type": "github"
      },
      "original": {
        "owner": "numtide",
        "repo": "flake-utils",
        "type": "github"
      }
    },
    "gitignore": {
      "inputs": {
        "nixpkgs": [
          "nixpkgs"
        ]
      },
      "locked": {
        "lastModified": 1660459072,
        "narHash": "sha256-8DFJjXG8zqoONA1vXtgeKXy68KdJL5UaXR8NtVMUbx8=",
        "owner": "hercules-ci",
        "repo": "gitignore.nix",
        "rev": "a20de23b925fd8264fd7fad6454652e142fd7f73",
        "type": "github"
      },
      "original": {
        "owner": "hercules-ci",
        "repo": "gitignore.nix",
        "type": "github"
      }
    },
    "nixpkgs": {
      "locked": {
        "lastModified": 1678695076,
        "narHash": "sha256-sjR2kwEjpjxxig2QSy44a1wHIkgKTi6egaopekA/dOs=",
        "owner": "nixos",
        "repo": "nixpkgs",
        "rev": "f1ff114ef608315f9d9d7deb7f5bb8151ce4afea",
        "type": "github"
      },
      "original": {
        "owner": "nixos",
        "ref": "nixos-unstable-small",
        "repo": "nixpkgs",
        "type": "github"
      }
    },
    "root": {
      "inputs": {
        "bundix": "bundix",
        "flake-utils": "flake-utils",
        "gitignore": "gitignore",
        "nixpkgs": "nixpkgs"
      }
    }
  },
  "root": "root",
  "version": 7
}
